
Microsoft Visual Studio Solution File, Format Version 12.00
# Visual Studio Version 17
VisualStudioVersion = 17.9.34622.214
MinimumVisualStudioVersion = 10.0.40219.1
Project("{FAE04EC0-301F-11D3-BF4B-00C04F79EFBC}") = "ST10263992_PROG_WPF", "ST10263992_PROG_WPF.csproj", "{1F886698-7336-4EAD-943D-638B787600D6}"
EndProject
Global
	GlobalSection(SolutionConfigurationPlatforms) = preSolution
		Debug|Any CPU = Debug|Any CPU
		Release|Any CPU = Release|Any CPU
	EndGlobalSection
	GlobalSection(ProjectConfigurationPlatforms) = postSolution
		{1F886698-7336-4EAD-943D-638B787600D6}.Debug|Any CPU.ActiveCfg = Debug|Any CPU
		{1F886698-7336-4EAD-943D-638B787600D6}.Debug|Any CPU.Build.0 = Debug|Any CPU
		{1F886698-7336-4EAD-943D-638B787600D6}.Release|Any CPU.ActiveCfg = Release|Any CPU
		{1F886698-7336-4EAD-943D-638B787600D6}.Release|Any CPU.Build.0 = Release|Any CPU
	EndGlobalSection
	GlobalSection(SolutionProperties) = preSolution
		HideSolutionNode = FALSE
	EndGlobalSection
	GlobalSection(ExtensibilityGlobals) = postSolution
		SolutionGuid = {A0B38745-C714-4C87-9500-957DDA9E7B3F}
	EndGlobalSection
EndGlobal
